// !$*UTF8*$!
{
	archiveVersion = 1;
	classes = {
	};
	objectVersion = 55;
	objects = {

/* Begin PBXBuildFile section */
		730E767C27493BC800AA756D /* MapSearch.swift in Sources */ = {isa = PBXBuildFile; fileRef = 730E767B27493BC800AA756D /* MapSearch.swift */; };
		730E7680274945B300AA756D /* MapSearchBarView.swift in Sources */ = {isa = PBXBuildFile; fileRef = 730E767F274945B300AA756D /* MapSearchBarView.swift */; };
		730E768227494BF900AA756D /* SatelliteViewModel.swift in Sources */ = {isa = PBXBuildFile; fileRef = 730E768127494BF900AA756D /* SatelliteViewModel.swift */; };
		7322C0D02746B91900C3E1C5 /* MockURLProtocol.swift in Sources */ = {isa = PBXBuildFile; fileRef = 7322C0CF2746B91900C3E1C5 /* MockURLProtocol.swift */; };
		7322C0D22746B9D600C3E1C5 /* APODRequestTest.swift in Sources */ = {isa = PBXBuildFile; fileRef = 7322C0D12746B9D600C3E1C5 /* APODRequestTest.swift */; };
		7322C0D52747658200C3E1C5 /* FileUtil.swift in Sources */ = {isa = PBXBuildFile; fileRef = 7322C0D42747658200C3E1C5 /* FileUtil.swift */; };
		7322C0D72747684400C3E1C5 /* testAPOD.json in Resources */ = {isa = PBXBuildFile; fileRef = 7322C0D62747684400C3E1C5 /* testAPOD.json */; };
		7322C0D827476B6400C3E1C5 /* testAPOD.json in Resources */ = {isa = PBXBuildFile; fileRef = 7322C0D62747684400C3E1C5 /* testAPOD.json */; };
		7322C0DA27476FB300C3E1C5 /* APODItemViewModel.swift in Sources */ = {isa = PBXBuildFile; fileRef = 7322C0D927476FB300C3E1C5 /* APODItemViewModel.swift */; };
		7322C0DE2747F74C00C3E1C5 /* SatelliteView.swift in Sources */ = {isa = PBXBuildFile; fileRef = 7322C0DD2747F74C00C3E1C5 /* SatelliteView.swift */; };
		7338F30827452FCF0038C370 /* PlanetariumApplicationApp.swift in Sources */ = {isa = PBXBuildFile; fileRef = 7338F30727452FCF0038C370 /* PlanetariumApplicationApp.swift */; };
		7338F30C27452FD10038C370 /* Assets.xcassets in Resources */ = {isa = PBXBuildFile; fileRef = 7338F30B27452FD10038C370 /* Assets.xcassets */; };
		7338F30F27452FD10038C370 /* Preview Assets.xcassets in Resources */ = {isa = PBXBuildFile; fileRef = 7338F30E27452FD10038C370 /* Preview Assets.xcassets */; };
		7338F32827452FD10038C370 /* PlanetariumApplicationUITests.swift in Sources */ = {isa = PBXBuildFile; fileRef = 7338F32727452FD10038C370 /* PlanetariumApplicationUITests.swift */; };
		7338F32A27452FD10038C370 /* PlanetariumApplicationUITestsLaunchTests.swift in Sources */ = {isa = PBXBuildFile; fileRef = 7338F32927452FD10038C370 /* PlanetariumApplicationUITestsLaunchTests.swift */; };
		7338F3472745309F0038C370 /* APODListItemView.swift in Sources */ = {isa = PBXBuildFile; fileRef = 7338F3372745309F0038C370 /* APODListItemView.swift */; };
		7338F3482745309F0038C370 /* APODListView.swift in Sources */ = {isa = PBXBuildFile; fileRef = 7338F3382745309F0038C370 /* APODListView.swift */; };
		7338F34A2745309F0038C370 /* MainView.swift in Sources */ = {isa = PBXBuildFile; fileRef = 7338F33A2745309F0038C370 /* MainView.swift */; };
		7338F34B2745309F0038C370 /* APODListViewModel.swift in Sources */ = {isa = PBXBuildFile; fileRef = 7338F33B2745309F0038C370 /* APODListViewModel.swift */; };
		7338F34C2745309F0038C370 /* APODItemView.swift in Sources */ = {isa = PBXBuildFile; fileRef = 7338F33C2745309F0038C370 /* APODItemView.swift */; };
		7338F34D2745309F0038C370 /* Config.xcconfig in Resources */ = {isa = PBXBuildFile; fileRef = 7338F33D2745309F0038C370 /* Config.xcconfig */; };
		7338F34E2745309F0038C370 /* FavoriteRepository.swift in Sources */ = {isa = PBXBuildFile; fileRef = 7338F33F2745309F0038C370 /* FavoriteRepository.swift */; };
		7338F34F2745309F0038C370 /* Persistence.swift in Sources */ = {isa = PBXBuildFile; fileRef = 7338F3412745309F0038C370 /* Persistence.swift */; };
		7338F3512745309F0038C370 /* APODRequest.swift in Sources */ = {isa = PBXBuildFile; fileRef = 7338F3442745309F0038C370 /* APODRequest.swift */; };
		7338F3522745309F0038C370 /* PictureInfo.swift in Sources */ = {isa = PBXBuildFile; fileRef = 7338F3462745309F0038C370 /* PictureInfo.swift */; };
		7338F356274532A60038C370 /* Localizable.strings in Resources */ = {isa = PBXBuildFile; fileRef = 7338F358274532A60038C370 /* Localizable.strings */; };
		7338F35C274534950038C370 /* Main.xcdatamodeld in Sources */ = {isa = PBXBuildFile; fileRef = 7338F35A274534950038C370 /* Main.xcdatamodeld */; };
		7338F35F274537020038C370 /* FavoriteRepositoryTest.swift in Sources */ = {isa = PBXBuildFile; fileRef = 7338F35E274537020038C370 /* FavoriteRepositoryTest.swift */; };
		7345895B274FEB0E00C2C6CD /* ClearButton.swift in Sources */ = {isa = PBXBuildFile; fileRef = 7345895A274FEB0E00C2C6CD /* ClearButton.swift */; };
		7346AE42274BDC1E0042DBF7 /* Map.swift in Sources */ = {isa = PBXBuildFile; fileRef = 7346AE41274BDC1E0042DBF7 /* Map.swift */; };
		7385111127514CBB00206077 /* InfoPlist.strings in Resources */ = {isa = PBXBuildFile; fileRef = 7385111327514CBB00206077 /* InfoPlist.strings */; };
		7385111627550E6C00206077 /* SatellitePictureView.swift in Sources */ = {isa = PBXBuildFile; fileRef = 7385111527550E6C00206077 /* SatellitePictureView.swift */; };
		73851118275525F700206077 /* SatellitePictureViewModel.swift in Sources */ = {isa = PBXBuildFile; fileRef = 73851117275525F700206077 /* SatellitePictureViewModel.swift */; };
		7385111A2755E1FF00206077 /* EarthAssetsRequest.swift in Sources */ = {isa = PBXBuildFile; fileRef = 738511192755E1FF00206077 /* EarthAssetsRequest.swift */; };
		7385111C2755E35400206077 /* EarthAsset.swift in Sources */ = {isa = PBXBuildFile; fileRef = 7385111B2755E35400206077 /* EarthAsset.swift */; };
		73B1545E274D2DA60015AF00 /* LocationManager.swift in Sources */ = {isa = PBXBuildFile; fileRef = 73B1545D274D2DA60015AF00 /* LocationManager.swift */; };
/* End PBXBuildFile section */

/* Begin PBXContainerItemProxy section */
		7338F31A27452FD10038C370 /* PBXContainerItemProxy */ = {
			isa = PBXContainerItemProxy;
			containerPortal = 7338F2FC27452FCF0038C370 /* Project object */;
			proxyType = 1;
			remoteGlobalIDString = 7338F30327452FCF0038C370;
			remoteInfo = PlanetariumApplication;
		};
		7338F32427452FD10038C370 /* PBXContainerItemProxy */ = {
			isa = PBXContainerItemProxy;
			containerPortal = 7338F2FC27452FCF0038C370 /* Project object */;
			proxyType = 1;
			remoteGlobalIDString = 7338F30327452FCF0038C370;
			remoteInfo = PlanetariumApplication;
		};
/* End PBXContainerItemProxy section */

/* Begin PBXFileReference section */
		730E767B27493BC800AA756D /* MapSearch.swift */ = {isa = PBXFileReference; lastKnownFileType = sourcecode.swift; path = MapSearch.swift; sourceTree = "<group>"; };
		730E767F274945B300AA756D /* MapSearchBarView.swift */ = {isa = PBXFileReference; lastKnownFileType = sourcecode.swift; path = MapSearchBarView.swift; sourceTree = "<group>"; };
		730E768127494BF900AA756D /* SatelliteViewModel.swift */ = {isa = PBXFileReference; lastKnownFileType = sourcecode.swift; path = SatelliteViewModel.swift; sourceTree = "<group>"; };
		7322C0CF2746B91900C3E1C5 /* MockURLProtocol.swift */ = {isa = PBXFileReference; lastKnownFileType = sourcecode.swift; path = MockURLProtocol.swift; sourceTree = "<group>"; };
		7322C0D12746B9D600C3E1C5 /* APODRequestTest.swift */ = {isa = PBXFileReference; lastKnownFileType = sourcecode.swift; path = APODRequestTest.swift; sourceTree = "<group>"; };
		7322C0D42747658200C3E1C5 /* FileUtil.swift */ = {isa = PBXFileReference; lastKnownFileType = sourcecode.swift; path = FileUtil.swift; sourceTree = "<group>"; };
		7322C0D62747684400C3E1C5 /* testAPOD.json */ = {isa = PBXFileReference; lastKnownFileType = text.json; path = testAPOD.json; sourceTree = "<group>"; };
		7322C0D927476FB300C3E1C5 /* APODItemViewModel.swift */ = {isa = PBXFileReference; lastKnownFileType = sourcecode.swift; path = APODItemViewModel.swift; sourceTree = "<group>"; };
		7322C0DD2747F74C00C3E1C5 /* SatelliteView.swift */ = {isa = PBXFileReference; lastKnownFileType = sourcecode.swift; path = SatelliteView.swift; sourceTree = "<group>"; };
		7338F30427452FCF0038C370 /* PlanetariumApplication.app */ = {isa = PBXFileReference; explicitFileType = wrapper.application; includeInIndex = 0; path = PlanetariumApplication.app; sourceTree = BUILT_PRODUCTS_DIR; };
		7338F30727452FCF0038C370 /* PlanetariumApplicationApp.swift */ = {isa = PBXFileReference; lastKnownFileType = sourcecode.swift; path = PlanetariumApplicationApp.swift; sourceTree = "<group>"; };
		7338F30B27452FD10038C370 /* Assets.xcassets */ = {isa = PBXFileReference; lastKnownFileType = folder.assetcatalog; path = Assets.xcassets; sourceTree = "<group>"; };
		7338F30E27452FD10038C370 /* Preview Assets.xcassets */ = {isa = PBXFileReference; lastKnownFileType = folder.assetcatalog; path = "Preview Assets.xcassets"; sourceTree = "<group>"; };
		7338F31927452FD10038C370 /* PlanetariumApplicationTests.xctest */ = {isa = PBXFileReference; explicitFileType = wrapper.cfbundle; includeInIndex = 0; path = PlanetariumApplicationTests.xctest; sourceTree = BUILT_PRODUCTS_DIR; };
		7338F32327452FD10038C370 /* PlanetariumApplicationUITests.xctest */ = {isa = PBXFileReference; explicitFileType = wrapper.cfbundle; includeInIndex = 0; path = PlanetariumApplicationUITests.xctest; sourceTree = BUILT_PRODUCTS_DIR; };
		7338F32727452FD10038C370 /* PlanetariumApplicationUITests.swift */ = {isa = PBXFileReference; lastKnownFileType = sourcecode.swift; path = PlanetariumApplicationUITests.swift; sourceTree = "<group>"; };
		7338F32927452FD10038C370 /* PlanetariumApplicationUITestsLaunchTests.swift */ = {isa = PBXFileReference; lastKnownFileType = sourcecode.swift; path = PlanetariumApplicationUITestsLaunchTests.swift; sourceTree = "<group>"; };
		7338F3372745309F0038C370 /* APODListItemView.swift */ = {isa = PBXFileReference; fileEncoding = 4; lastKnownFileType = sourcecode.swift; path = APODListItemView.swift; sourceTree = "<group>"; };
		7338F3382745309F0038C370 /* APODListView.swift */ = {isa = PBXFileReference; fileEncoding = 4; lastKnownFileType = sourcecode.swift; path = APODListView.swift; sourceTree = "<group>"; };
		7338F33A2745309F0038C370 /* MainView.swift */ = {isa = PBXFileReference; fileEncoding = 4; lastKnownFileType = sourcecode.swift; path = MainView.swift; sourceTree = "<group>"; };
		7338F33B2745309F0038C370 /* APODListViewModel.swift */ = {isa = PBXFileReference; fileEncoding = 4; lastKnownFileType = sourcecode.swift; path = APODListViewModel.swift; sourceTree = "<group>"; };
		7338F33C2745309F0038C370 /* APODItemView.swift */ = {isa = PBXFileReference; fileEncoding = 4; lastKnownFileType = sourcecode.swift; path = APODItemView.swift; sourceTree = "<group>"; };
		7338F33D2745309F0038C370 /* Config.xcconfig */ = {isa = PBXFileReference; fileEncoding = 4; lastKnownFileType = text.xcconfig; path = Config.xcconfig; sourceTree = "<group>"; };
		7338F33F2745309F0038C370 /* FavoriteRepository.swift */ = {isa = PBXFileReference; fileEncoding = 4; lastKnownFileType = sourcecode.swift; path = FavoriteRepository.swift; sourceTree = "<group>"; };
		7338F3412745309F0038C370 /* Persistence.swift */ = {isa = PBXFileReference; fileEncoding = 4; lastKnownFileType = sourcecode.swift; path = Persistence.swift; sourceTree = "<group>"; };
		7338F3442745309F0038C370 /* APODRequest.swift */ = {isa = PBXFileReference; fileEncoding = 4; lastKnownFileType = sourcecode.swift; path = APODRequest.swift; sourceTree = "<group>"; };
		7338F3462745309F0038C370 /* PictureInfo.swift */ = {isa = PBXFileReference; fileEncoding = 4; lastKnownFileType = sourcecode.swift; path = PictureInfo.swift; sourceTree = "<group>"; };
		7338F357274532A60038C370 /* en */ = {isa = PBXFileReference; lastKnownFileType = text.plist.strings; name = en; path = en.lproj/Localizable.strings; sourceTree = "<group>"; };
		7338F359274532BB0038C370 /* fi */ = {isa = PBXFileReference; lastKnownFileType = text.plist.strings; name = fi; path = fi.lproj/Localizable.strings; sourceTree = "<group>"; };
		7338F35B274534950038C370 /* Main.xcdatamodel */ = {isa = PBXFileReference; lastKnownFileType = wrapper.xcdatamodel; path = Main.xcdatamodel; sourceTree = "<group>"; };
		7338F35E274537020038C370 /* FavoriteRepositoryTest.swift */ = {isa = PBXFileReference; fileEncoding = 4; lastKnownFileType = sourcecode.swift; path = FavoriteRepositoryTest.swift; sourceTree = "<group>"; };
		7345895A274FEB0E00C2C6CD /* ClearButton.swift */ = {isa = PBXFileReference; lastKnownFileType = sourcecode.swift; path = ClearButton.swift; sourceTree = "<group>"; };
		7346AE41274BDC1E0042DBF7 /* Map.swift */ = {isa = PBXFileReference; lastKnownFileType = sourcecode.swift; path = Map.swift; sourceTree = "<group>"; };
		7385111227514CBB00206077 /* en */ = {isa = PBXFileReference; lastKnownFileType = text.plist.strings; name = en; path = en.lproj/InfoPlist.strings; sourceTree = "<group>"; };
		7385111427514CBD00206077 /* fi */ = {isa = PBXFileReference; lastKnownFileType = text.plist.strings; name = fi; path = fi.lproj/InfoPlist.strings; sourceTree = "<group>"; };
		7385111527550E6C00206077 /* SatellitePictureView.swift */ = {isa = PBXFileReference; lastKnownFileType = sourcecode.swift; path = SatellitePictureView.swift; sourceTree = "<group>"; };
		73851117275525F700206077 /* SatellitePictureViewModel.swift */ = {isa = PBXFileReference; lastKnownFileType = sourcecode.swift; path = SatellitePictureViewModel.swift; sourceTree = "<group>"; };
		738511192755E1FF00206077 /* EarthAssetsRequest.swift */ = {isa = PBXFileReference; lastKnownFileType = sourcecode.swift; path = EarthAssetsRequest.swift; sourceTree = "<group>"; };
		7385111B2755E35400206077 /* EarthAsset.swift */ = {isa = PBXFileReference; lastKnownFileType = sourcecode.swift; path = EarthAsset.swift; sourceTree = "<group>"; };
		73B1545D274D2DA60015AF00 /* LocationManager.swift */ = {isa = PBXFileReference; lastKnownFileType = sourcecode.swift; path = LocationManager.swift; sourceTree = "<group>"; };
/* End PBXFileReference section */

/* Begin PBXFrameworksBuildPhase section */
		7338F30127452FCF0038C370 /* Frameworks */ = {
			isa = PBXFrameworksBuildPhase;
			buildActionMask = 2147483647;
			files = (
			);
			runOnlyForDeploymentPostprocessing = 0;
		};
		7338F31627452FD10038C370 /* Frameworks */ = {
			isa = PBXFrameworksBuildPhase;
			buildActionMask = 2147483647;
			files = (
			);
			runOnlyForDeploymentPostprocessing = 0;
		};
		7338F32027452FD10038C370 /* Frameworks */ = {
			isa = PBXFrameworksBuildPhase;
			buildActionMask = 2147483647;
			files = (
			);
			runOnlyForDeploymentPostprocessing = 0;
		};
/* End PBXFrameworksBuildPhase section */

/* Begin PBXGroup section */
		730E767A27493BB400AA756D /* Map */ = {
			isa = PBXGroup;
			children = (
				730E767B27493BC800AA756D /* MapSearch.swift */,
				73B1545D274D2DA60015AF00 /* LocationManager.swift */,
			);
			path = Map;
			sourceTree = "<group>";
		};
		7322C0CE2746B88D00C3E1C5 /* Network */ = {
			isa = PBXGroup;
			children = (
				7322C0CF2746B91900C3E1C5 /* MockURLProtocol.swift */,
				7322C0D12746B9D600C3E1C5 /* APODRequestTest.swift */,
			);
			path = Network;
			sourceTree = "<group>";
		};
		7322C0D32747655F00C3E1C5 /* Util */ = {
			isa = PBXGroup;
			children = (
				7322C0D42747658200C3E1C5 /* FileUtil.swift */,
			);
			path = Util;
			sourceTree = "<group>";
		};
		7338F2FB27452FCF0038C370 = {
			isa = PBXGroup;
			children = (
				7338F30627452FCF0038C370 /* PlanetariumApplication */,
				7338F31C27452FD10038C370 /* PlanetariumApplicationTests */,
				7338F32627452FD10038C370 /* PlanetariumApplicationUITests */,
				7338F30527452FCF0038C370 /* Products */,
			);
			sourceTree = "<group>";
		};
		7338F30527452FCF0038C370 /* Products */ = {
			isa = PBXGroup;
			children = (
				7338F30427452FCF0038C370 /* PlanetariumApplication.app */,
				7338F31927452FD10038C370 /* PlanetariumApplicationTests.xctest */,
				7338F32327452FD10038C370 /* PlanetariumApplicationUITests.xctest */,
			);
			name = Products;
			sourceTree = "<group>";
		};
		7338F30627452FCF0038C370 /* PlanetariumApplication */ = {
			isa = PBXGroup;
			children = (
				730E767A27493BB400AA756D /* Map */,
				7338F33D2745309F0038C370 /* Config.xcconfig */,
				7338F3402745309F0038C370 /* Data */,
				7338F3452745309F0038C370 /* Models */,
				7338F3432745309F0038C370 /* Network */,
				7338F33E2745309F0038C370 /* Repository */,
				7338F3362745309F0038C370 /* Views */,
				7338F30727452FCF0038C370 /* PlanetariumApplicationApp.swift */,
				7338F30B27452FD10038C370 /* Assets.xcassets */,
				7338F30D27452FD10038C370 /* Preview Content */,
				7338F358274532A60038C370 /* Localizable.strings */,
				7338F35A274534950038C370 /* Main.xcdatamodeld */,
				7385111327514CBB00206077 /* InfoPlist.strings */,
			);
			path = PlanetariumApplication;
			sourceTree = "<group>";
		};
		7338F30D27452FD10038C370 /* Preview Content */ = {
			isa = PBXGroup;
			children = (
				7338F30E27452FD10038C370 /* Preview Assets.xcassets */,
			);
			path = "Preview Content";
			sourceTree = "<group>";
		};
		7338F31C27452FD10038C370 /* PlanetariumApplicationTests */ = {
			isa = PBXGroup;
			children = (
				7322C0D32747655F00C3E1C5 /* Util */,
				7322C0CE2746B88D00C3E1C5 /* Network */,
				7338F35D274537020038C370 /* Repository */,
				7322C0D62747684400C3E1C5 /* testAPOD.json */,
			);
			path = PlanetariumApplicationTests;
			sourceTree = "<group>";
		};
		7338F32627452FD10038C370 /* PlanetariumApplicationUITests */ = {
			isa = PBXGroup;
			children = (
				7338F32727452FD10038C370 /* PlanetariumApplicationUITests.swift */,
				7338F32927452FD10038C370 /* PlanetariumApplicationUITestsLaunchTests.swift */,
			);
			path = PlanetariumApplicationUITests;
			sourceTree = "<group>";
		};
		7338F3362745309F0038C370 /* Views */ = {
			isa = PBXGroup;
			children = (
				7345895C2750ADC200C2C6CD /* APOD */,
				73458959274FEAED00C2C6CD /* Common */,
				73458958274FEABE00C2C6CD /* Satellite */,
				7338F33A2745309F0038C370 /* MainView.swift */,
			);
			path = Views;
			sourceTree = "<group>";
		};
		7338F33E2745309F0038C370 /* Repository */ = {
			isa = PBXGroup;
			children = (
				7338F33F2745309F0038C370 /* FavoriteRepository.swift */,
			);
			path = Repository;
			sourceTree = "<group>";
		};
		7338F3402745309F0038C370 /* Data */ = {
			isa = PBXGroup;
			children = (
				7338F3412745309F0038C370 /* Persistence.swift */,
			);
			path = Data;
			sourceTree = "<group>";
		};
		7338F3432745309F0038C370 /* Network */ = {
			isa = PBXGroup;
			children = (
				7338F3442745309F0038C370 /* APODRequest.swift */,
				738511192755E1FF00206077 /* EarthAssetsRequest.swift */,
			);
			path = Network;
			sourceTree = "<group>";
		};
		7338F3452745309F0038C370 /* Models */ = {
			isa = PBXGroup;
			children = (
				7338F3462745309F0038C370 /* PictureInfo.swift */,
				7346AE41274BDC1E0042DBF7 /* Map.swift */,
				7385111B2755E35400206077 /* EarthAsset.swift */,
			);
			path = Models;
			sourceTree = "<group>";
		};
		7338F35D274537020038C370 /* Repository */ = {
			isa = PBXGroup;
			children = (
				7338F35E274537020038C370 /* FavoriteRepositoryTest.swift */,
			);
			path = Repository;
			sourceTree = "<group>";
		};
		73458958274FEABE00C2C6CD /* Satellite */ = {
			isa = PBXGroup;
			children = (
				7322C0DD2747F74C00C3E1C5 /* SatelliteView.swift */,
				730E767F274945B300AA756D /* MapSearchBarView.swift */,
				730E768127494BF900AA756D /* SatelliteViewModel.swift */,
				7385111527550E6C00206077 /* SatellitePictureView.swift */,
				73851117275525F700206077 /* SatellitePictureViewModel.swift */,
			);
			path = Satellite;
			sourceTree = "<group>";
		};
		73458959274FEAED00C2C6CD /* Common */ = {
			isa = PBXGroup;
			children = (
				7345895A274FEB0E00C2C6CD /* ClearButton.swift */,
			);
			path = Common;
			sourceTree = "<group>";
		};
		7345895C2750ADC200C2C6CD /* APOD */ = {
			isa = PBXGroup;
			children = (
				7338F3372745309F0038C370 /* APODListItemView.swift */,
				7338F3382745309F0038C370 /* APODListView.swift */,
				7338F33B2745309F0038C370 /* APODListViewModel.swift */,
				7338F33C2745309F0038C370 /* APODItemView.swift */,
				7322C0D927476FB300C3E1C5 /* APODItemViewModel.swift */,
			);
			path = APOD;
			sourceTree = "<group>";
		};
/* End PBXGroup section */

/* Begin PBXNativeTarget section */
		7338F30327452FCF0038C370 /* PlanetariumApplication */ = {
			isa = PBXNativeTarget;
			buildConfigurationList = 7338F32D27452FD10038C370 /* Build configuration list for PBXNativeTarget "PlanetariumApplication" */;
			buildPhases = (
				7338F30027452FCF0038C370 /* Sources */,
				7338F30127452FCF0038C370 /* Frameworks */,
				7338F30227452FCF0038C370 /* Resources */,
			);
			buildRules = (
			);
			dependencies = (
			);
			name = PlanetariumApplication;
			productName = PlanetariumApplication;
			productReference = 7338F30427452FCF0038C370 /* PlanetariumApplication.app */;
			productType = "com.apple.product-type.application";
		};
		7338F31827452FD10038C370 /* PlanetariumApplicationTests */ = {
			isa = PBXNativeTarget;
			buildConfigurationList = 7338F33027452FD10038C370 /* Build configuration list for PBXNativeTarget "PlanetariumApplicationTests" */;
			buildPhases = (
				7338F31527452FD10038C370 /* Sources */,
				7338F31627452FD10038C370 /* Frameworks */,
				7338F31727452FD10038C370 /* Resources */,
			);
			buildRules = (
			);
			dependencies = (
				7338F31B27452FD10038C370 /* PBXTargetDependency */,
			);
			name = PlanetariumApplicationTests;
			productName = PlanetariumApplicationTests;
			productReference = 7338F31927452FD10038C370 /* PlanetariumApplicationTests.xctest */;
			productType = "com.apple.product-type.bundle.unit-test";
		};
		7338F32227452FD10038C370 /* PlanetariumApplicationUITests */ = {
			isa = PBXNativeTarget;
			buildConfigurationList = 7338F33327452FD10038C370 /* Build configuration list for PBXNativeTarget "PlanetariumApplicationUITests" */;
			buildPhases = (
				7338F31F27452FD10038C370 /* Sources */,
				7338F32027452FD10038C370 /* Frameworks */,
				7338F32127452FD10038C370 /* Resources */,
			);
			buildRules = (
			);
			dependencies = (
				7338F32527452FD10038C370 /* PBXTargetDependency */,
			);
			name = PlanetariumApplicationUITests;
			productName = PlanetariumApplicationUITests;
			productReference = 7338F32327452FD10038C370 /* PlanetariumApplicationUITests.xctest */;
			productType = "com.apple.product-type.bundle.ui-testing";
		};
/* End PBXNativeTarget section */

/* Begin PBXProject section */
		7338F2FC27452FCF0038C370 /* Project object */ = {
			isa = PBXProject;
			attributes = {
				BuildIndependentTargetsInParallel = 1;
				LastSwiftUpdateCheck = 1310;
				LastUpgradeCheck = 1310;
				TargetAttributes = {
					7338F30327452FCF0038C370 = {
						CreatedOnToolsVersion = 13.1;
					};
					7338F31827452FD10038C370 = {
						CreatedOnToolsVersion = 13.1;
						TestTargetID = 7338F30327452FCF0038C370;
					};
					7338F32227452FD10038C370 = {
						CreatedOnToolsVersion = 13.1;
						TestTargetID = 7338F30327452FCF0038C370;
					};
				};
			};
			buildConfigurationList = 7338F2FF27452FCF0038C370 /* Build configuration list for PBXProject "PlanetariumApplication" */;
			compatibilityVersion = "Xcode 13.0";
			developmentRegion = en;
			hasScannedForEncodings = 0;
			knownRegions = (
				en,
				Base,
				fi,
			);
			mainGroup = 7338F2FB27452FCF0038C370;
			productRefGroup = 7338F30527452FCF0038C370 /* Products */;
			projectDirPath = "";
			projectRoot = "";
			targets = (
				7338F30327452FCF0038C370 /* PlanetariumApplication */,
				7338F31827452FD10038C370 /* PlanetariumApplicationTests */,
				7338F32227452FD10038C370 /* PlanetariumApplicationUITests */,
			);
		};
/* End PBXProject section */

/* Begin PBXResourcesBuildPhase section */
		7338F30227452FCF0038C370 /* Resources */ = {
			isa = PBXResourcesBuildPhase;
			buildActionMask = 2147483647;
			files = (
				7338F30F27452FD10038C370 /* Preview Assets.xcassets in Resources */,
				7385111127514CBB00206077 /* InfoPlist.strings in Resources */,
				7338F356274532A60038C370 /* Localizable.strings in Resources */,
				7338F34D2745309F0038C370 /* Config.xcconfig in Resources */,
				7322C0D827476B6400C3E1C5 /* testAPOD.json in Resources */,
				7338F30C27452FD10038C370 /* Assets.xcassets in Resources */,
			);
			runOnlyForDeploymentPostprocessing = 0;
		};
		7338F31727452FD10038C370 /* Resources */ = {
			isa = PBXResourcesBuildPhase;
			buildActionMask = 2147483647;
			files = (
				7322C0D72747684400C3E1C5 /* testAPOD.json in Resources */,
			);
			runOnlyForDeploymentPostprocessing = 0;
		};
		7338F32127452FD10038C370 /* Resources */ = {
			isa = PBXResourcesBuildPhase;
			buildActionMask = 2147483647;
			files = (
			);
			runOnlyForDeploymentPostprocessing = 0;
		};
/* End PBXResourcesBuildPhase section */

/* Begin PBXSourcesBuildPhase section */
		7338F30027452FCF0038C370 /* Sources */ = {
			isa = PBXSourcesBuildPhase;
			buildActionMask = 2147483647;
			files = (
				7322C0DE2747F74C00C3E1C5 /* SatelliteView.swift in Sources */,
				7338F34A2745309F0038C370 /* MainView.swift in Sources */,
				730E7680274945B300AA756D /* MapSearchBarView.swift in Sources */,
				7322C0DA27476FB300C3E1C5 /* APODItemViewModel.swift in Sources */,
				7338F3512745309F0038C370 /* APODRequest.swift in Sources */,
				730E767C27493BC800AA756D /* MapSearch.swift in Sources */,
				7338F3472745309F0038C370 /* APODListItemView.swift in Sources */,
				7338F34B2745309F0038C370 /* APODListViewModel.swift in Sources */,
				73B1545E274D2DA60015AF00 /* LocationManager.swift in Sources */,
				7346AE42274BDC1E0042DBF7 /* Map.swift in Sources */,
				7338F3522745309F0038C370 /* PictureInfo.swift in Sources */,
				7385111C2755E35400206077 /* EarthAsset.swift in Sources */,
				7338F34E2745309F0038C370 /* FavoriteRepository.swift in Sources */,
				7338F3482745309F0038C370 /* APODListView.swift in Sources */,
				73851118275525F700206077 /* SatellitePictureViewModel.swift in Sources */,
				730E768227494BF900AA756D /* SatelliteViewModel.swift in Sources */,
				7345895B274FEB0E00C2C6CD /* ClearButton.swift in Sources */,
				7385111627550E6C00206077 /* SatellitePictureView.swift in Sources */,
				7385111A2755E1FF00206077 /* EarthAssetsRequest.swift in Sources */,
				7338F34F2745309F0038C370 /* Persistence.swift in Sources */,
				7338F30827452FCF0038C370 /* PlanetariumApplicationApp.swift in Sources */,
				7338F35C274534950038C370 /* Main.xcdatamodeld in Sources */,
				7338F34C2745309F0038C370 /* APODItemView.swift in Sources */,
			);
			runOnlyForDeploymentPostprocessing = 0;
		};
		7338F31527452FD10038C370 /* Sources */ = {
			isa = PBXSourcesBuildPhase;
			buildActionMask = 2147483647;
			files = (
				7322C0D02746B91900C3E1C5 /* MockURLProtocol.swift in Sources */,
				7322C0D22746B9D600C3E1C5 /* APODRequestTest.swift in Sources */,
				7338F35F274537020038C370 /* FavoriteRepositoryTest.swift in Sources */,
				7322C0D52747658200C3E1C5 /* FileUtil.swift in Sources */,
			);
			runOnlyForDeploymentPostprocessing = 0;
		};
		7338F31F27452FD10038C370 /* Sources */ = {
			isa = PBXSourcesBuildPhase;
			buildActionMask = 2147483647;
			files = (
				7338F32A27452FD10038C370 /* PlanetariumApplicationUITestsLaunchTests.swift in Sources */,
				7338F32827452FD10038C370 /* PlanetariumApplicationUITests.swift in Sources */,
			);
			runOnlyForDeploymentPostprocessing = 0;
		};
/* End PBXSourcesBuildPhase section */

/* Begin PBXTargetDependency section */
		7338F31B27452FD10038C370 /* PBXTargetDependency */ = {
			isa = PBXTargetDependency;
			target = 7338F30327452FCF0038C370 /* PlanetariumApplication */;
			targetProxy = 7338F31A27452FD10038C370 /* PBXContainerItemProxy */;
		};
		7338F32527452FD10038C370 /* PBXTargetDependency */ = {
			isa = PBXTargetDependency;
			target = 7338F30327452FCF0038C370 /* PlanetariumApplication */;
			targetProxy = 7338F32427452FD10038C370 /* PBXContainerItemProxy */;
		};
/* End PBXTargetDependency section */

/* Begin PBXVariantGroup section */
		7338F358274532A60038C370 /* Localizable.strings */ = {
			isa = PBXVariantGroup;
			children = (
				7338F357274532A60038C370 /* en */,
				7338F359274532BB0038C370 /* fi */,
			);
			name = Localizable.strings;
			sourceTree = "<group>";
		};
		7385111327514CBB00206077 /* InfoPlist.strings */ = {
			isa = PBXVariantGroup;
			children = (
				7385111227514CBB00206077 /* en */,
				7385111427514CBD00206077 /* fi */,
			);
			name = InfoPlist.strings;
			sourceTree = "<group>";
		};
/* End PBXVariantGroup section */

/* Begin XCBuildConfiguration section */
		7338F32B27452FD10038C370 /* Debug */ = {
			isa = XCBuildConfiguration;
			baseConfigurationReference = 7338F33D2745309F0038C370 /* Config.xcconfig */;
			buildSettings = {
				ALWAYS_SEARCH_USER_PATHS = NO;
				CLANG_ANALYZER_LOCALIZABILITY_NONLOCALIZED = YES;
				CLANG_ANALYZER_NONNULL = YES;
				CLANG_ANALYZER_NUMBER_OBJECT_CONVERSION = YES_AGGRESSIVE;
				CLANG_CXX_LANGUAGE_STANDARD = "gnu++17";
				CLANG_CXX_LIBRARY = "libc++";
				CLANG_ENABLE_MODULES = YES;
				CLANG_ENABLE_OBJC_ARC = YES;
				CLANG_ENABLE_OBJC_WEAK = YES;
				CLANG_WARN_BLOCK_CAPTURE_AUTORELEASING = YES;
				CLANG_WARN_BOOL_CONVERSION = YES;
				CLANG_WARN_COMMA = YES;
				CLANG_WARN_CONSTANT_CONVERSION = YES;
				CLANG_WARN_DEPRECATED_OBJC_IMPLEMENTATIONS = YES;
				CLANG_WARN_DIRECT_OBJC_ISA_USAGE = YES_ERROR;
				CLANG_WARN_DOCUMENTATION_COMMENTS = YES;
				CLANG_WARN_EMPTY_BODY = YES;
				CLANG_WARN_ENUM_CONVERSION = YES;
				CLANG_WARN_INFINITE_RECURSION = YES;
				CLANG_WARN_INT_CONVERSION = YES;
				CLANG_WARN_NON_LITERAL_NULL_CONVERSION = YES;
				CLANG_WARN_OBJC_IMPLICIT_RETAIN_SELF = YES;
				CLANG_WARN_OBJC_LITERAL_CONVERSION = YES;
				CLANG_WARN_OBJC_ROOT_CLASS = YES_ERROR;
				CLANG_WARN_QUOTED_INCLUDE_IN_FRAMEWORK_HEADER = YES;
				CLANG_WARN_RANGE_LOOP_ANALYSIS = YES;
				CLANG_WARN_STRICT_PROTOTYPES = YES;
				CLANG_WARN_SUSPICIOUS_MOVE = YES;
				CLANG_WARN_UNGUARDED_AVAILABILITY = YES_AGGRESSIVE;
				CLANG_WARN_UNREACHABLE_CODE = YES;
				CLANG_WARN__DUPLICATE_METHOD_MATCH = YES;
				COPY_PHASE_STRIP = NO;
				DEBUG_INFORMATION_FORMAT = dwarf;
				ENABLE_STRICT_OBJC_MSGSEND = YES;
				ENABLE_TESTABILITY = YES;
				GCC_C_LANGUAGE_STANDARD = gnu11;
				GCC_DYNAMIC_NO_PIC = NO;
				GCC_NO_COMMON_BLOCKS = YES;
				GCC_OPTIMIZATION_LEVEL = 0;
				GCC_PREPROCESSOR_DEFINITIONS = (
					"DEBUG=1",
					"$(inherited)",
				);
				GCC_WARN_64_TO_32_BIT_CONVERSION = YES;
				GCC_WARN_ABOUT_RETURN_TYPE = YES_ERROR;
				GCC_WARN_UNDECLARED_SELECTOR = YES;
				GCC_WARN_UNINITIALIZED_AUTOS = YES_AGGRESSIVE;
				GCC_WARN_UNUSED_FUNCTION = YES;
				GCC_WARN_UNUSED_VARIABLE = YES;
				IPHONEOS_DEPLOYMENT_TARGET = 15.0;
				MTL_ENABLE_DEBUG_INFO = INCLUDE_SOURCE;
				MTL_FAST_MATH = YES;
				ONLY_ACTIVE_ARCH = YES;
				SDKROOT = iphoneos;
				SWIFT_ACTIVE_COMPILATION_CONDITIONS = DEBUG;
				SWIFT_OPTIMIZATION_LEVEL = "-Onone";
			};
			name = Debug;
		};
		7338F32C27452FD10038C370 /* Release */ = {
			isa = XCBuildConfiguration;
			baseConfigurationReference = 7338F33D2745309F0038C370 /* Config.xcconfig */;
			buildSettings = {
				ALWAYS_SEARCH_USER_PATHS = NO;
				CLANG_ANALYZER_LOCALIZABILITY_NONLOCALIZED = YES;
				CLANG_ANALYZER_NONNULL = YES;
				CLANG_ANALYZER_NUMBER_OBJECT_CONVERSION = YES_AGGRESSIVE;
				CLANG_CXX_LANGUAGE_STANDARD = "gnu++17";
				CLANG_CXX_LIBRARY = "libc++";
				CLANG_ENABLE_MODULES = YES;
				CLANG_ENABLE_OBJC_ARC = YES;
				CLANG_ENABLE_OBJC_WEAK = YES;
				CLANG_WARN_BLOCK_CAPTURE_AUTORELEASING = YES;
				CLANG_WARN_BOOL_CONVERSION = YES;
				CLANG_WARN_COMMA = YES;
				CLANG_WARN_CONSTANT_CONVERSION = YES;
				CLANG_WARN_DEPRECATED_OBJC_IMPLEMENTATIONS = YES;
				CLANG_WARN_DIRECT_OBJC_ISA_USAGE = YES_ERROR;
				CLANG_WARN_DOCUMENTATION_COMMENTS = YES;
				CLANG_WARN_EMPTY_BODY = YES;
				CLANG_WARN_ENUM_CONVERSION = YES;
				CLANG_WARN_INFINITE_RECURSION = YES;
				CLANG_WARN_INT_CONVERSION = YES;
				CLANG_WARN_NON_LITERAL_NULL_CONVERSION = YES;
				CLANG_WARN_OBJC_IMPLICIT_RETAIN_SELF = YES;
				CLANG_WARN_OBJC_LITERAL_CONVERSION = YES;
				CLANG_WARN_OBJC_ROOT_CLASS = YES_ERROR;
				CLANG_WARN_QUOTED_INCLUDE_IN_FRAMEWORK_HEADER = YES;
				CLANG_WARN_RANGE_LOOP_ANALYSIS = YES;
				CLANG_WARN_STRICT_PROTOTYPES = YES;
				CLANG_WARN_SUSPICIOUS_MOVE = YES;
				CLANG_WARN_UNGUARDED_AVAILABILITY = YES_AGGRESSIVE;
				CLANG_WARN_UNREACHABLE_CODE = YES;
				CLANG_WARN__DUPLICATE_METHOD_MATCH = YES;
				COPY_PHASE_STRIP = NO;
				DEBUG_INFORMATION_FORMAT = "dwarf-with-dsym";
				ENABLE_NS_ASSERTIONS = NO;
				ENABLE_STRICT_OBJC_MSGSEND = YES;
				GCC_C_LANGUAGE_STANDARD = gnu11;
				GCC_NO_COMMON_BLOCKS = YES;
				GCC_WARN_64_TO_32_BIT_CONVERSION = YES;
				GCC_WARN_ABOUT_RETURN_TYPE = YES_ERROR;
				GCC_WARN_UNDECLARED_SELECTOR = YES;
				GCC_WARN_UNINITIALIZED_AUTOS = YES_AGGRESSIVE;
				GCC_WARN_UNUSED_FUNCTION = YES;
				GCC_WARN_UNUSED_VARIABLE = YES;
				IPHONEOS_DEPLOYMENT_TARGET = 15.0;
				MTL_ENABLE_DEBUG_INFO = NO;
				MTL_FAST_MATH = YES;
				SDKROOT = iphoneos;
				SWIFT_COMPILATION_MODE = wholemodule;
				SWIFT_OPTIMIZATION_LEVEL = "-O";
				VALIDATE_PRODUCT = YES;
			};
			name = Release;
		};
		7338F32E27452FD10038C370 /* Debug */ = {
			isa = XCBuildConfiguration;
			buildSettings = {
				ASSETCATALOG_COMPILER_APPICON_NAME = AppIcon;
				ASSETCATALOG_COMPILER_GLOBAL_ACCENT_COLOR_NAME = AccentColor;
				CODE_SIGN_STYLE = Automatic;
				CURRENT_PROJECT_VERSION = 1;
				DEVELOPMENT_ASSET_PATHS = "\"PlanetariumApplication/Preview Content\"";
				ENABLE_PREVIEWS = YES;
				GENERATE_INFOPLIST_FILE = YES;
				INFOPLIST_FILE = PlanetariumApplication/Info.plist;
				INFOPLIST_KEY_NSLocationWhenInUseUsageDescription = "Location Authorization";
				INFOPLIST_KEY_UIApplicationSceneManifest_Generation = YES;
				INFOPLIST_KEY_UIApplicationSupportsIndirectInputEvents = YES;
				INFOPLIST_KEY_UILaunchScreen_Generation = YES;
				INFOPLIST_KEY_UISupportedInterfaceOrientations_iPad = "UIInterfaceOrientationPortrait UIInterfaceOrientationPortraitUpsideDown UIInterfaceOrientationLandscapeLeft UIInterfaceOrientationLandscapeRight";
				INFOPLIST_KEY_UISupportedInterfaceOrientations_iPhone = "UIInterfaceOrientationPortrait UIInterfaceOrientationLandscapeLeft UIInterfaceOrientationLandscapeRight";
				LD_RUNPATH_SEARCH_PATHS = (
					"$(inherited)",
					"@executable_path/Frameworks",
				);
				MARKETING_VERSION = 1.0;
				PRODUCT_BUNDLE_IDENTIFIER = fi.metropolia.PlanetariumApplication;
				PRODUCT_NAME = "$(TARGET_NAME)";
				SWIFT_EMIT_LOC_STRINGS = YES;
				SWIFT_VERSION = 5.0;
				TARGETED_DEVICE_FAMILY = "1,2";
			};
			name = Debug;
		};
		7338F32F27452FD10038C370 /* Release */ = {
			isa = XCBuildConfiguration;
			buildSettings = {
				ASSETCATALOG_COMPILER_APPICON_NAME = AppIcon;
				ASSETCATALOG_COMPILER_GLOBAL_ACCENT_COLOR_NAME = AccentColor;
				CODE_SIGN_STYLE = Automatic;
				CURRENT_PROJECT_VERSION = 1;
				DEVELOPMENT_ASSET_PATHS = "\"PlanetariumApplication/Preview Content\"";
				ENABLE_PREVIEWS = YES;
				GENERATE_INFOPLIST_FILE = YES;
				INFOPLIST_FILE = PlanetariumApplication/Info.plist;
				INFOPLIST_KEY_NSLocationWhenInUseUsageDescription = "Location Authorization";
				INFOPLIST_KEY_UIApplicationSceneManifest_Generation = YES;
				INFOPLIST_KEY_UIApplicationSupportsIndirectInputEvents = YES;
				INFOPLIST_KEY_UILaunchScreen_Generation = YES;
				INFOPLIST_KEY_UISupportedInterfaceOrientations_iPad = "UIInterfaceOrientationPortrait UIInterfaceOrientationPortraitUpsideDown UIInterfaceOrientationLandscapeLeft UIInterfaceOrientationLandscapeRight";
				INFOPLIST_KEY_UISupportedInterfaceOrientations_iPhone = "UIInterfaceOrientationPortrait UIInterfaceOrientationLandscapeLeft UIInterfaceOrientationLandscapeRight";
				LD_RUNPATH_SEARCH_PATHS = (
					"$(inherited)",
					"@executable_path/Frameworks",
				);
				MARKETING_VERSION = 1.0;
				PRODUCT_BUNDLE_IDENTIFIER = fi.metropolia.PlanetariumApplication;
				PRODUCT_NAME = "$(TARGET_NAME)";
				SWIFT_EMIT_LOC_STRINGS = YES;
				SWIFT_VERSION = 5.0;
				TARGETED_DEVICE_FAMILY = "1,2";
			};
			name = Release;
		};
		7338F33127452FD10038C370 /* Debug */ = {
			isa = XCBuildConfiguration;
			buildSettings = {
				ALWAYS_EMBED_SWIFT_STANDARD_LIBRARIES = YES;
				BUNDLE_LOADER = "$(TEST_HOST)";
				CODE_SIGN_STYLE = Automatic;
				CURRENT_PROJECT_VERSION = 1;
				GENERATE_INFOPLIST_FILE = YES;
				IPHONEOS_DEPLOYMENT_TARGET = 15.0;
				LD_RUNPATH_SEARCH_PATHS = (
					"$(inherited)",
					"@executable_path/Frameworks",
					"@loader_path/Frameworks",
				);
				MARKETING_VERSION = 1.0;
				PRODUCT_BUNDLE_IDENTIFIER = fi.metropolia.PlanetariumApplicationTests;
				PRODUCT_NAME = "$(TARGET_NAME)";
				SWIFT_EMIT_LOC_STRINGS = NO;
				SWIFT_VERSION = 5.0;
				TARGETED_DEVICE_FAMILY = "1,2";
				TEST_HOST = "$(BUILT_PRODUCTS_DIR)/PlanetariumApplication.app/PlanetariumApplication";
			};
			name = Debug;
		};
		7338F33227452FD10038C370 /* Release */ = {
			isa = XCBuildConfiguration;
			buildSettings = {
				ALWAYS_EMBED_SWIFT_STANDARD_LIBRARIES = YES;
				BUNDLE_LOADER = "$(TEST_HOST)";
				CODE_SIGN_STYLE = Automatic;
				CURRENT_PROJECT_VERSION = 1;
				GENERATE_INFOPLIST_FILE = YES;
				IPHONEOS_DEPLOYMENT_TARGET = 15.0;
				LD_RUNPATH_SEARCH_PATHS = (
					"$(inherited)",
					"@executable_path/Frameworks",
					"@loader_path/Frameworks",
				);
				MARKETING_VERSION = 1.0;
				PRODUCT_BUNDLE_IDENTIFIER = fi.metropolia.PlanetariumApplicationTests;
				PRODUCT_NAME = "$(TARGET_NAME)";
				SWIFT_EMIT_LOC_STRINGS = NO;
				SWIFT_VERSION = 5.0;
				TARGETED_DEVICE_FAMILY = "1,2";
				TEST_HOST = "$(BUILT_PRODUCTS_DIR)/PlanetariumApplication.app/PlanetariumApplication";
			};
			name = Release;
		};
		7338F33427452FD10038C370 /* Debug */ = {
			isa = XCBuildConfiguration;
			buildSettings = {
				ALWAYS_EMBED_SWIFT_STANDARD_LIBRARIES = YES;
				CODE_SIGN_STYLE = Automatic;
				CURRENT_PROJECT_VERSION = 1;
				GENERATE_INFOPLIST_FILE = YES;
				LD_RUNPATH_SEARCH_PATHS = (
					"$(inherited)",
					"@executable_path/Frameworks",
					"@loader_path/Frameworks",
				);
				MARKETING_VERSION = 1.0;
				PRODUCT_BUNDLE_IDENTIFIER = fi.metropolia.PlanetariumApplicationUITests;
				PRODUCT_NAME = "$(TARGET_NAME)";
				SWIFT_EMIT_LOC_STRINGS = NO;
				SWIFT_VERSION = 5.0;
				TARGETED_DEVICE_FAMILY = "1,2";
				TEST_TARGET_NAME = PlanetariumApplication;
			};
			name = Debug;
		};
		7338F33527452FD10038C370 /* Release */ = {
			isa = XCBuildConfiguration;
			buildSettings = {
				ALWAYS_EMBED_SWIFT_STANDARD_LIBRARIES = YES;
				CODE_SIGN_STYLE = Automatic;
				CURRENT_PROJECT_VERSION = 1;
				GENERATE_INFOPLIST_FILE = YES;
				LD_RUNPATH_SEARCH_PATHS = (
					"$(inherited)",
					"@executable_path/Frameworks",
					"@loader_path/Frameworks",
				);
				MARKETING_VERSION = 1.0;
				PRODUCT_BUNDLE_IDENTIFIER = fi.metropolia.PlanetariumApplicationUITests;
				PRODUCT_NAME = "$(TARGET_NAME)";
				SWIFT_EMIT_LOC_STRINGS = NO;
				SWIFT_VERSION = 5.0;
				TARGETED_DEVICE_FAMILY = "1,2";
				TEST_TARGET_NAME = PlanetariumApplication;
			};
			name = Release;
		};
/* End XCBuildConfiguration section */

/* Begin XCConfigurationList section */
		7338F2FF27452FCF0038C370 /* Build configuration list for PBXProject "PlanetariumApplication" */ = {
			isa = XCConfigurationList;
			buildConfigurations = (
				7338F32B27452FD10038C370 /* Debug */,
				7338F32C27452FD10038C370 /* Release */,
			);
			defaultConfigurationIsVisible = 0;
			defaultConfigurationName = Release;
		};
		7338F32D27452FD10038C370 /* Build configuration list for PBXNativeTarget "PlanetariumApplication" */ = {
			isa = XCConfigurationList;
			buildConfigurations = (
				7338F32E27452FD10038C370 /* Debug */,
				7338F32F27452FD10038C370 /* Release */,
			);
			defaultConfigurationIsVisible = 0;
			defaultConfigurationName = Release;
		};
		7338F33027452FD10038C370 /* Build configuration list for PBXNativeTarget "PlanetariumApplicationTests" */ = {
			isa = XCConfigurationList;
			buildConfigurations = (
				7338F33127452FD10038C370 /* Debug */,
				7338F33227452FD10038C370 /* Release */,
			);
			defaultConfigurationIsVisible = 0;
			defaultConfigurationName = Release;
		};
		7338F33327452FD10038C370 /* Build configuration list for PBXNativeTarget "PlanetariumApplicationUITests" */ = {
			isa = XCConfigurationList;
			buildConfigurations = (
				7338F33427452FD10038C370 /* Debug */,
				7338F33527452FD10038C370 /* Release */,
			);
			defaultConfigurationIsVisible = 0;
			defaultConfigurationName = Release;
		};
/* End XCConfigurationList section */

/* Begin XCVersionGroup section */
		7338F35A274534950038C370 /* Main.xcdatamodeld */ = {
			isa = XCVersionGroup;
			children = (
				7338F35B274534950038C370 /* Main.xcdatamodel */,
			);
			currentVersion = 7338F35B274534950038C370 /* Main.xcdatamodel */;
			path = Main.xcdatamodeld;
			sourceTree = "<group>";
			versionGroupType = wrapper.xcdatamodel;
		};
/* End XCVersionGroup section */
	};
	rootObject = 7338F2FC27452FCF0038C370 /* Project object */;
}
